// !$*UTF8*$!
{
	archiveVersion = 1;
	classes = {
	};
	objectVersion = 56;
	objects = {

/* Begin PBXBuildFile section */
		2164D9BDABAAFB0D4082FB15 /* Pods_Jeulist.framework in Frameworks */ = {isa = PBXBuildFile; fileRef = 4E663849A28771967681E9A2 /* Pods_Jeulist.framework */; };
		7E112A7E29A31A870061C9AC /* HomePresenter.swift in Sources */ = {isa = PBXBuildFile; fileRef = 7E112A7D29A31A870061C9AC /* HomePresenter.swift */; };
		7E112A8029A31AAD0061C9AC /* HomeRouter.swift in Sources */ = {isa = PBXBuildFile; fileRef = 7E112A7F29A31AAD0061C9AC /* HomeRouter.swift */; };
		7E112A8329A31ADE0061C9AC /* HomeInteractor.swift in Sources */ = {isa = PBXBuildFile; fileRef = 7E112A8229A31ADE0061C9AC /* HomeInteractor.swift */; };
		7E78154A29A1152A0033F232 /* AppDelegate.swift in Sources */ = {isa = PBXBuildFile; fileRef = 7E78154929A1152A0033F232 /* AppDelegate.swift */; };
		7E78154C29A1152A0033F232 /* SceneDelegate.swift in Sources */ = {isa = PBXBuildFile; fileRef = 7E78154B29A1152A0033F232 /* SceneDelegate.swift */; };
		7E78155329A1152B0033F232 /* Assets.xcassets in Resources */ = {isa = PBXBuildFile; fileRef = 7E78155229A1152B0033F232 /* Assets.xcassets */; };
		7E78155629A1152B0033F232 /* LaunchScreen.storyboard in Resources */ = {isa = PBXBuildFile; fileRef = 7E78155429A1152B0033F232 /* LaunchScreen.storyboard */; };
		7E78156429A119D40033F232 /* HomeViewController.swift in Sources */ = {isa = PBXBuildFile; fileRef = 7E78156329A119D40033F232 /* HomeViewController.swift */; };
/* End PBXBuildFile section */

/* Begin PBXFileReference section */
		4E663849A28771967681E9A2 /* Pods_Jeulist.framework */ = {isa = PBXFileReference; explicitFileType = wrapper.framework; includeInIndex = 0; path = Pods_Jeulist.framework; sourceTree = BUILT_PRODUCTS_DIR; };
		7E112A7D29A31A870061C9AC /* HomePresenter.swift */ = {isa = PBXFileReference; lastKnownFileType = sourcecode.swift; path = HomePresenter.swift; sourceTree = "<group>"; };
		7E112A7F29A31AAD0061C9AC /* HomeRouter.swift */ = {isa = PBXFileReference; lastKnownFileType = sourcecode.swift; path = HomeRouter.swift; sourceTree = "<group>"; };
		7E112A8229A31ADE0061C9AC /* HomeInteractor.swift */ = {isa = PBXFileReference; lastKnownFileType = sourcecode.swift; path = HomeInteractor.swift; sourceTree = "<group>"; };
		7E78154629A1152A0033F232 /* Jeulist.app */ = {isa = PBXFileReference; explicitFileType = wrapper.application; includeInIndex = 0; path = Jeulist.app; sourceTree = BUILT_PRODUCTS_DIR; };
		7E78154929A1152A0033F232 /* AppDelegate.swift */ = {isa = PBXFileReference; lastKnownFileType = sourcecode.swift; path = AppDelegate.swift; sourceTree = "<group>"; };
		7E78154B29A1152A0033F232 /* SceneDelegate.swift */ = {isa = PBXFileReference; lastKnownFileType = sourcecode.swift; path = SceneDelegate.swift; sourceTree = "<group>"; };
		7E78155229A1152B0033F232 /* Assets.xcassets */ = {isa = PBXFileReference; lastKnownFileType = folder.assetcatalog; path = Assets.xcassets; sourceTree = "<group>"; };
		7E78155529A1152B0033F232 /* Base */ = {isa = PBXFileReference; lastKnownFileType = file.storyboard; name = Base; path = Base.lproj/LaunchScreen.storyboard; sourceTree = "<group>"; };
		7E78155729A1152B0033F232 /* Info.plist */ = {isa = PBXFileReference; lastKnownFileType = text.plist.xml; path = Info.plist; sourceTree = "<group>"; };
		7E78156329A119D40033F232 /* HomeViewController.swift */ = {isa = PBXFileReference; lastKnownFileType = sourcecode.swift; path = HomeViewController.swift; sourceTree = "<group>"; };
		8BCD516F664BD62134DDD575 /* Pods-Jeulist.debug.xcconfig */ = {isa = PBXFileReference; includeInIndex = 1; lastKnownFileType = text.xcconfig; name = "Pods-Jeulist.debug.xcconfig"; path = "Target Support Files/Pods-Jeulist/Pods-Jeulist.debug.xcconfig"; sourceTree = "<group>"; };
		E865D218DF0717180B3E6201 /* Pods-Jeulist.release.xcconfig */ = {isa = PBXFileReference; includeInIndex = 1; lastKnownFileType = text.xcconfig; name = "Pods-Jeulist.release.xcconfig"; path = "Target Support Files/Pods-Jeulist/Pods-Jeulist.release.xcconfig"; sourceTree = "<group>"; };
/* End PBXFileReference section */

/* Begin PBXFrameworksBuildPhase section */
		7E78154329A1152A0033F232 /* Frameworks */ = {
			isa = PBXFrameworksBuildPhase;
			buildActionMask = 2147483647;
			files = (
				2164D9BDABAAFB0D4082FB15 /* Pods_Jeulist.framework in Frameworks */,
			);
			runOnlyForDeploymentPostprocessing = 0;
		};
/* End PBXFrameworksBuildPhase section */

/* Begin PBXGroup section */
		02CD69695A73693A4BD3830D /* Pods */ = {
			isa = PBXGroup;
			children = (
				8BCD516F664BD62134DDD575 /* Pods-Jeulist.debug.xcconfig */,
				E865D218DF0717180B3E6201 /* Pods-Jeulist.release.xcconfig */,
			);
			path = Pods;
			sourceTree = "<group>";
		};
		68E9F87F4029E2AE2B8F05A3 /* Frameworks */ = {
			isa = PBXGroup;
			children = (
				4E663849A28771967681E9A2 /* Pods_Jeulist.framework */,
			);
			name = Frameworks;
			sourceTree = "<group>";
		};
		7E112A7B29A31A480061C9AC /* Router */ = {
			isa = PBXGroup;
			children = (
				7E112A7F29A31AAD0061C9AC /* HomeRouter.swift */,
			);
			path = Router;
			sourceTree = "<group>";
		};
		7E112A7C29A31A4E0061C9AC /* Presenter */ = {
			isa = PBXGroup;
			children = (
				7E112A7D29A31A870061C9AC /* HomePresenter.swift */,
			);
			path = Presenter;
			sourceTree = "<group>";
		};
		7E112A8129A31AD40061C9AC /* Interactor */ = {
			isa = PBXGroup;
			children = (
				7E112A8229A31ADE0061C9AC /* HomeInteractor.swift */,
			);
			path = Interactor;
			sourceTree = "<group>";
		};
		7E78153D29A1152A0033F232 = {
			isa = PBXGroup;
			children = (
				7E78154829A1152A0033F232 /* Jeulist */,
				7E78154729A1152A0033F232 /* Products */,
				02CD69695A73693A4BD3830D /* Pods */,
				68E9F87F4029E2AE2B8F05A3 /* Frameworks */,
			);
			sourceTree = "<group>";
		};
		7E78154729A1152A0033F232 /* Products */ = {
			isa = PBXGroup;
			children = (
				7E78154629A1152A0033F232 /* Jeulist.app */,
			);
			name = Products;
			sourceTree = "<group>";
		};
		7E78154829A1152A0033F232 /* Jeulist */ = {
			isa = PBXGroup;
			children = (
				7E78155D29A118C20033F232 /* Core */,
				7E78155F29A118DB0033F232 /* Utils */,
				7E78155E29A118D30033F232 /* Module */,
				7E78154929A1152A0033F232 /* AppDelegate.swift */,
				7E78154B29A1152A0033F232 /* SceneDelegate.swift */,
				7E78155229A1152B0033F232 /* Assets.xcassets */,
				7E78155429A1152B0033F232 /* LaunchScreen.storyboard */,
				7E78155729A1152B0033F232 /* Info.plist */,
			);
			path = Jeulist;
			sourceTree = "<group>";
		};
		7E78155D29A118C20033F232 /* Core */ = {
			isa = PBXGroup;
			children = (
			);
			path = Core;
			sourceTree = "<group>";
		};
		7E78155E29A118D30033F232 /* Module */ = {
			isa = PBXGroup;
			children = (
				7E78156129A119A80033F232 /* Home */,
			);
			path = Module;
			sourceTree = "<group>";
		};
		7E78155F29A118DB0033F232 /* Utils */ = {
			isa = PBXGroup;
			children = (
			);
			path = Utils;
			sourceTree = "<group>";
		};
		7E78156129A119A80033F232 /* Home */ = {
			isa = PBXGroup;
			children = (
				7E112A8129A31AD40061C9AC /* Interactor */,
				7E112A7C29A31A4E0061C9AC /* Presenter */,
				7E112A7B29A31A480061C9AC /* Router */,
				7E78156229A119B90033F232 /* View */,
			);
			path = Home;
			sourceTree = "<group>";
		};
		7E78156229A119B90033F232 /* View */ = {
			isa = PBXGroup;
			children = (
				7E78156329A119D40033F232 /* HomeViewController.swift */,
			);
			path = View;
			sourceTree = "<group>";
		};
/* End PBXGroup section */

/* Begin PBXNativeTarget section */
		7E78154529A1152A0033F232 /* Jeulist */ = {
			isa = PBXNativeTarget;
			buildConfigurationList = 7E78155A29A1152B0033F232 /* Build configuration list for PBXNativeTarget "Jeulist" */;
			buildPhases = (
				2853C3013903889F29021317 /* [CP] Check Pods Manifest.lock */,
				7E78154229A1152A0033F232 /* Sources */,
				7E78154329A1152A0033F232 /* Frameworks */,
				7E78154429A1152A0033F232 /* Resources */,
				1F9C3CDF944FBFCF3DDFD988 /* [CP] Embed Pods Frameworks */,
			);
			buildRules = (
			);
			dependencies = (
			);
			name = Jeulist;
			productName = Jeulist;
			productReference = 7E78154629A1152A0033F232 /* Jeulist.app */;
			productType = "com.apple.product-type.application";
		};
/* End PBXNativeTarget section */

/* Begin PBXProject section */
		7E78153E29A1152A0033F232 /* Project object */ = {
			isa = PBXProject;
			attributes = {
				BuildIndependentTargetsInParallel = 1;
				LastSwiftUpdateCheck = 1420;
				LastUpgradeCheck = 1420;
				TargetAttributes = {
					7E78154529A1152A0033F232 = {
						CreatedOnToolsVersion = 14.2;
					};
				};
			};
			buildConfigurationList = 7E78154129A1152A0033F232 /* Build configuration list for PBXProject "Jeulist" */;
			compatibilityVersion = "Xcode 14.0";
			developmentRegion = en;
			hasScannedForEncodings = 0;
			knownRegions = (
				en,
				Base,
			);
			mainGroup = 7E78153D29A1152A0033F232;
			productRefGroup = 7E78154729A1152A0033F232 /* Products */;
			projectDirPath = "";
			projectRoot = "";
			targets = (
				7E78154529A1152A0033F232 /* Jeulist */,
			);
		};
/* End PBXProject section */

/* Begin PBXResourcesBuildPhase section */
		7E78154429A1152A0033F232 /* Resources */ = {
			isa = PBXResourcesBuildPhase;
			buildActionMask = 2147483647;
			files = (
				7E78155629A1152B0033F232 /* LaunchScreen.storyboard in Resources */,
				7E78155329A1152B0033F232 /* Assets.xcassets in Resources */,
			);
			runOnlyForDeploymentPostprocessing = 0;
		};
/* End PBXResourcesBuildPhase section */

/* Begin PBXShellScriptBuildPhase section */
		1F9C3CDF944FBFCF3DDFD988 /* [CP] Embed Pods Frameworks */ = {
			isa = PBXShellScriptBuildPhase;
			buildActionMask = 2147483647;
			files = (
			);
			inputFileListPaths = (
				"${PODS_ROOT}/Target Support Files/Pods-Jeulist/Pods-Jeulist-frameworks-${CONFIGURATION}-input-files.xcfilelist",
			);
			name = "[CP] Embed Pods Frameworks";
			outputFileListPaths = (
				"${PODS_ROOT}/Target Support Files/Pods-Jeulist/Pods-Jeulist-frameworks-${CONFIGURATION}-output-files.xcfilelist",
			);
			runOnlyForDeploymentPostprocessing = 0;
			shellPath = /bin/sh;
			shellScript = "\"${PODS_ROOT}/Target Support Files/Pods-Jeulist/Pods-Jeulist-frameworks.sh\"\n";
			showEnvVarsInLog = 0;
		};
		2853C3013903889F29021317 /* [CP] Check Pods Manifest.lock */ = {
			isa = PBXShellScriptBuildPhase;
			buildActionMask = 2147483647;
			files = (
			);
			inputFileListPaths = (
			);
			inputPaths = (
				"${PODS_PODFILE_DIR_PATH}/Podfile.lock",
				"${PODS_ROOT}/Manifest.lock",
			);
			name = "[CP] Check Pods Manifest.lock";
			outputFileListPaths = (
			);
			outputPaths = (
				"$(DERIVED_FILE_DIR)/Pods-Jeulist-checkManifestLockResult.txt",
			);
			runOnlyForDeploymentPostprocessing = 0;
			shellPath = /bin/sh;
			shellScript = "diff \"${PODS_PODFILE_DIR_PATH}/Podfile.lock\" \"${PODS_ROOT}/Manifest.lock\" > /dev/null\nif [ $? != 0 ] ; then\n    # print error to STDERR\n    echo \"error: The sandbox is not in sync with the Podfile.lock. Run 'pod install' or update your CocoaPods installation.\" >&2\n    exit 1\nfi\n# This output is used by Xcode 'outputs' to avoid re-running this script phase.\necho \"SUCCESS\" > \"${SCRIPT_OUTPUT_FILE_0}\"\n";
			showEnvVarsInLog = 0;
		};
/* End PBXShellScriptBuildPhase section */

/* Begin PBXSourcesBuildPhase section */
		7E78154229A1152A0033F232 /* Sources */ = {
			isa = PBXSourcesBuildPhase;
			buildActionMask = 2147483647;
			files = (
				7E78154A29A1152A0033F232 /* AppDelegate.swift in Sources */,
				7E78154C29A1152A0033F232 /* SceneDelegate.swift in Sources */,
				7E78156429A119D40033F232 /* HomeViewController.swift in Sources */,
				7E112A8329A31ADE0061C9AC /* HomeInteractor.swift in Sources */,
				7E112A7E29A31A870061C9AC /* HomePresenter.swift in Sources */,
				7E112A8029A31AAD0061C9AC /* HomeRouter.swift in Sources */,
			);
			runOnlyForDeploymentPostprocessing = 0;
		};
/* End PBXSourcesBuildPhase section */

/* Begin PBXVariantGroup section */
		7E78155429A1152B0033F232 /* LaunchScreen.storyboard */ = {
			isa = PBXVariantGroup;
			children = (
				7E78155529A1152B0033F232 /* Base */,
			);
			name = LaunchScreen.storyboard;
			sourceTree = "<group>";
		};
/* End PBXVariantGroup section */

/* Begin XCBuildConfiguration section */
		7E78155829A1152B0033F232 /* Debug */ = {
			isa = XCBuildConfiguration;
			buildSettings = {
				ALWAYS_SEARCH_USER_PATHS = NO;
				CLANG_ANALYZER_NONNULL = YES;
				CLANG_ANALYZER_NUMBER_OBJECT_CONVERSION = YES_AGGRESSIVE;
				CLANG_CXX_LANGUAGE_STANDARD = "gnu++20";
				CLANG_ENABLE_MODULES = YES;
				CLANG_ENABLE_OBJC_ARC = YES;
				CLANG_ENABLE_OBJC_WEAK = YES;
				CLANG_WARN_BLOCK_CAPTURE_AUTORELEASING = YES;
				CLANG_WARN_BOOL_CONVERSION = YES;
				CLANG_WARN_COMMA = YES;
				CLANG_WARN_CONSTANT_CONVERSION = YES;
				CLANG_WARN_DEPRECATED_OBJC_IMPLEMENTATIONS = YES;
				CLANG_WARN_DIRECT_OBJC_ISA_USAGE = YES_ERROR;
				CLANG_WARN_DOCUMENTATION_COMMENTS = YES;
				CLANG_WARN_EMPTY_BODY = YES;
				CLANG_WARN_ENUM_CONVERSION = YES;
				CLANG_WARN_INFINITE_RECURSION = YES;
				CLANG_WARN_INT_CONVERSION = YES;
				CLANG_WARN_NON_LITERAL_NULL_CONVERSION = YES;
				CLANG_WARN_OBJC_IMPLICIT_RETAIN_SELF = YES;
				CLANG_WARN_OBJC_LITERAL_CONVERSION = YES;
				CLANG_WARN_OBJC_ROOT_CLASS = YES_ERROR;
				CLANG_WARN_QUOTED_INCLUDE_IN_FRAMEWORK_HEADER = YES;
				CLANG_WARN_RANGE_LOOP_ANALYSIS = YES;
				CLANG_WARN_STRICT_PROTOTYPES = YES;
				CLANG_WARN_SUSPICIOUS_MOVE = YES;
				CLANG_WARN_UNGUARDED_AVAILABILITY = YES_AGGRESSIVE;
				CLANG_WARN_UNREACHABLE_CODE = YES;
				CLANG_WARN__DUPLICATE_METHOD_MATCH = YES;
				COPY_PHASE_STRIP = NO;
				DEBUG_INFORMATION_FORMAT = dwarf;
				ENABLE_STRICT_OBJC_MSGSEND = YES;
				ENABLE_TESTABILITY = YES;
				GCC_C_LANGUAGE_STANDARD = gnu11;
				GCC_DYNAMIC_NO_PIC = NO;
				GCC_NO_COMMON_BLOCKS = YES;
				GCC_OPTIMIZATION_LEVEL = 0;
				GCC_PREPROCESSOR_DEFINITIONS = (
					"DEBUG=1",
					"$(inherited)",
				);
				GCC_WARN_64_TO_32_BIT_CONVERSION = YES;
				GCC_WARN_ABOUT_RETURN_TYPE = YES_ERROR;
				GCC_WARN_UNDECLARED_SELECTOR = YES;
				GCC_WARN_UNINITIALIZED_AUTOS = YES_AGGRESSIVE;
				GCC_WARN_UNUSED_FUNCTION = YES;
				GCC_WARN_UNUSED_VARIABLE = YES;
				IPHONEOS_DEPLOYMENT_TARGET = 16.2;
				MTL_ENABLE_DEBUG_INFO = INCLUDE_SOURCE;
				MTL_FAST_MATH = YES;
				ONLY_ACTIVE_ARCH = YES;
				SDKROOT = iphoneos;
				SWIFT_ACTIVE_COMPILATION_CONDITIONS = DEBUG;
				SWIFT_OPTIMIZATION_LEVEL = "-Onone";
			};
			name = Debug;
		};
		7E78155929A1152B0033F232 /* Release */ = {
			isa = XCBuildConfiguration;
			buildSettings = {
				ALWAYS_SEARCH_USER_PATHS = NO;
				CLANG_ANALYZER_NONNULL = YES;
				CLANG_ANALYZER_NUMBER_OBJECT_CONVERSION = YES_AGGRESSIVE;
				CLANG_CXX_LANGUAGE_STANDARD = "gnu++20";
				CLANG_ENABLE_MODULES = YES;
				CLANG_ENABLE_OBJC_ARC = YES;
				CLANG_ENABLE_OBJC_WEAK = YES;
				CLANG_WARN_BLOCK_CAPTURE_AUTORELEASING = YES;
				CLANG_WARN_BOOL_CONVERSION = YES;
				CLANG_WARN_COMMA = YES;
				CLANG_WARN_CONSTANT_CONVERSION = YES;
				CLANG_WARN_DEPRECATED_OBJC_IMPLEMENTATIONS = YES;
				CLANG_WARN_DIRECT_OBJC_ISA_USAGE = YES_ERROR;
				CLANG_WARN_DOCUMENTATION_COMMENTS = YES;
				CLANG_WARN_EMPTY_BODY = YES;
				CLANG_WARN_ENUM_CONVERSION = YES;
				CLANG_WARN_INFINITE_RECURSION = YES;
				CLANG_WARN_INT_CONVERSION = YES;
				CLANG_WARN_NON_LITERAL_NULL_CONVERSION = YES;
				CLANG_WARN_OBJC_IMPLICIT_RETAIN_SELF = YES;
				CLANG_WARN_OBJC_LITERAL_CONVERSION = YES;
				CLANG_WARN_OBJC_ROOT_CLASS = YES_ERROR;
				CLANG_WARN_QUOTED_INCLUDE_IN_FRAMEWORK_HEADER = YES;
				CLANG_WARN_RANGE_LOOP_ANALYSIS = YES;
				CLANG_WARN_STRICT_PROTOTYPES = YES;
				CLANG_WARN_SUSPICIOUS_MOVE = YES;
				CLANG_WARN_UNGUARDED_AVAILABILITY = YES_AGGRESSIVE;
				CLANG_WARN_UNREACHABLE_CODE = YES;
				CLANG_WARN__DUPLICATE_METHOD_MATCH = YES;
				COPY_PHASE_STRIP = NO;
				DEBUG_INFORMATION_FORMAT = "dwarf-with-dsym";
				ENABLE_NS_ASSERTIONS = NO;
				ENABLE_STRICT_OBJC_MSGSEND = YES;
				GCC_C_LANGUAGE_STANDARD = gnu11;
				GCC_NO_COMMON_BLOCKS = YES;
				GCC_WARN_64_TO_32_BIT_CONVERSION = YES;
				GCC_WARN_ABOUT_RETURN_TYPE = YES_ERROR;
				GCC_WARN_UNDECLARED_SELECTOR = YES;
				GCC_WARN_UNINITIALIZED_AUTOS = YES_AGGRESSIVE;
				GCC_WARN_UNUSED_FUNCTION = YES;
				GCC_WARN_UNUSED_VARIABLE = YES;
				IPHONEOS_DEPLOYMENT_TARGET = 16.2;
				MTL_ENABLE_DEBUG_INFO = NO;
				MTL_FAST_MATH = YES;
				SDKROOT = iphoneos;
				SWIFT_COMPILATION_MODE = wholemodule;
				SWIFT_OPTIMIZATION_LEVEL = "-O";
				VALIDATE_PRODUCT = YES;
			};
			name = Release;
		};
		7E78155B29A1152B0033F232 /* Debug */ = {
			isa = XCBuildConfiguration;
			baseConfigurationReference = 8BCD516F664BD62134DDD575 /* Pods-Jeulist.debug.xcconfig */;
			buildSettings = {
				ASSETCATALOG_COMPILER_APPICON_NAME = AppIcon;
				ASSETCATALOG_COMPILER_GLOBAL_ACCENT_COLOR_NAME = AccentColor;
				CODE_SIGN_STYLE = Automatic;
				CURRENT_PROJECT_VERSION = 1;
				DEVELOPMENT_TEAM = 3F8C4P2T95;
				GENERATE_INFOPLIST_FILE = YES;
				INFOPLIST_FILE = Jeulist/Info.plist;
				INFOPLIST_KEY_UIApplicationSupportsIndirectInputEvents = YES;
				INFOPLIST_KEY_UILaunchStoryboardName = LaunchScreen;
				INFOPLIST_KEY_UISupportedInterfaceOrientations_iPad = "UIInterfaceOrientationPortrait UIInterfaceOrientationPortraitUpsideDown UIInterfaceOrientationLandscapeLeft UIInterfaceOrientationLandscapeRight";
				INFOPLIST_KEY_UISupportedInterfaceOrientations_iPhone = "UIInterfaceOrientationPortrait UIInterfaceOrientationLandscapeLeft UIInterfaceOrientationLandscapeRight";
				LD_RUNPATH_SEARCH_PATHS = (
					"$(inherited)",
					"@executable_path/Frameworks",
				);
				MARKETING_VERSION = 1.0;
				PRODUCT_BUNDLE_IDENTIFIER = com.rivaldofez.Jeulist;
				PRODUCT_NAME = "$(TARGET_NAME)";
				SWIFT_EMIT_LOC_STRINGS = YES;
				SWIFT_VERSION = 5.0;
				TARGETED_DEVICE_FAMILY = "1,2";
			};
			name = Debug;
		};
		7E78155C29A1152B0033F232 /* Release */ = {
			isa = XCBuildConfiguration;
			baseConfigurationReference = E865D218DF0717180B3E6201 /* Pods-Jeulist.release.xcconfig */;
			buildSettings = {
				ASSETCATALOG_COMPILER_APPICON_NAME = AppIcon;
				ASSETCATALOG_COMPILER_GLOBAL_ACCENT_COLOR_NAME = AccentColor;
				CODE_SIGN_STYLE = Automatic;
				CURRENT_PROJECT_VERSION = 1;
				DEVELOPMENT_TEAM = 3F8C4P2T95;
				GENERATE_INFOPLIST_FILE = YES;
				INFOPLIST_FILE = Jeulist/Info.plist;
				INFOPLIST_KEY_UIApplicationSupportsIndirectInputEvents = YES;
				INFOPLIST_KEY_UILaunchStoryboardName = LaunchScreen;
				INFOPLIST_KEY_UISupportedInterfaceOrientations_iPad = "UIInterfaceOrientationPortrait UIInterfaceOrientationPortraitUpsideDown UIInterfaceOrientationLandscapeLeft UIInterfaceOrientationLandscapeRight";
				INFOPLIST_KEY_UISupportedInterfaceOrientations_iPhone = "UIInterfaceOrientationPortrait UIInterfaceOrientationLandscapeLeft UIInterfaceOrientationLandscapeRight";
				LD_RUNPATH_SEARCH_PATHS = (
					"$(inherited)",
					"@executable_path/Frameworks",
				);
				MARKETING_VERSION = 1.0;
				PRODUCT_BUNDLE_IDENTIFIER = com.rivaldofez.Jeulist;
				PRODUCT_NAME = "$(TARGET_NAME)";
				SWIFT_EMIT_LOC_STRINGS = YES;
				SWIFT_VERSION = 5.0;
				TARGETED_DEVICE_FAMILY = "1,2";
			};
			name = Release;
		};
/* End XCBuildConfiguration section */

/* Begin XCConfigurationList section */
		7E78154129A1152A0033F232 /* Build configuration list for PBXProject "Jeulist" */ = {
			isa = XCConfigurationList;
			buildConfigurations = (
				7E78155829A1152B0033F232 /* Debug */,
				7E78155929A1152B0033F232 /* Release */,
			);
			defaultConfigurationIsVisible = 0;
			defaultConfigurationName = Release;
		};
		7E78155A29A1152B0033F232 /* Build configuration list for PBXNativeTarget "Jeulist" */ = {
			isa = XCConfigurationList;
			buildConfigurations = (
				7E78155B29A1152B0033F232 /* Debug */,
				7E78155C29A1152B0033F232 /* Release */,
			);
			defaultConfigurationIsVisible = 0;
			defaultConfigurationName = Release;
		};
/* End XCConfigurationList section */
	};
	rootObject = 7E78153E29A1152A0033F232 /* Project object */;
}
